<Solution>
  <Project Path="UnityUIExtensions.csproj" />
  <Project Path="XCharts.Runtime.csproj" />
  <Project Path="Assembly-CSharp.csproj" />
  <Project Path="XCharts.Editor.csproj" />
  <Project Path="UnityUIExtensions.editor.csproj" />
  <Project Path="XCharts.Examples.csproj" />
  <Project Path="Assembly-CSharp-Editor.csproj" />
</Solution>
